PODS:
  - IGDB-SWIFT-API (0.3.0):
    - Just
    - SwiftProtobuf (~> 1.0)
  - Just (0.8.0)
  - SwiftProtobuf (1.12.0)

DEPENDENCIES:
  - IGDB-SWIFT-API (from `../`)

SPEC REPOS:
  trunk:
    - Just
    - SwiftProtobuf

EXTERNAL SOURCES:
  IGDB-SWIFT-API:
    :path: "../"

SPEC CHECKSUMS:
  IGDB-SWIFT-API: 37b0151cb2fad71c899d5360191ef8e8ccdcc4c3
  Just: aef5105fb2c7069b65aa6f21aec8f429057f9c19
  SwiftProtobuf: 4ef85479c18ca85b5482b343df9c319c62bda699

PODFILE CHECKSUM: 2d198d4a4c66e5fa343542343605bfd010f96130

COCOAPODS: 1.9.3
