{
  "object": {
    "pins": [
      {
        "package": "SwiftProtobuf",
        "repositoryURL": "https://github.com/apple/swift-protobuf.git",
        "state": {
          "branch": null,
          "revision": "d72aed98f8253ec1aa9ea1141e28150f408cf17f",
          "version": "1.29.0"
        }
      }
    ]
  },
  "version": 1
}
